// !$*UTF8*$!
{
	archiveVersion = 1;
	classes = {
	};
	objectVersion = 56;
	objects = {

/* Begin PBXBuildFile section */
		E23E8C0D2A00F0C4000F71E7 /* ExpenseTrackerApp.swift in Sources */ = {isa = PBXBuildFile; fileRef = E23E8C0C2A00F0C4000F71E7 /* ExpenseTrackerApp.swift */; };
		E23E8C0F2A00F0C4000F71E7 /* ContentView.swift in Sources */ = {isa = PBXBuildFile; fileRef = E23E8C0E2A00F0C4000F71E7 /* ContentView.swift */; };
		E23E8C112A00F0C7000F71E7 /* Assets.xcassets in Resources */ = {isa = PBXBuildFile; fileRef = E23E8C102A00F0C7000F71E7 /* Assets.xcassets */; };
		E23E8C142A00F0C7000F71E7 /* Preview Assets.xcassets in Resources */ = {isa = PBXBuildFile; fileRef = E23E8C132A00F0C7000F71E7 /* Preview Assets.xcassets */; };
		E23E8C1D2A00F1E9000F71E7 /* Extension.swift in Sources */ = {isa = PBXBuildFile; fileRef = E23E8C1C2A00F1E9000F71E7 /* Extension.swift */; };
		E23E8C262A010130000F71E7 /* TransactionModel.swift in Sources */ = {isa = PBXBuildFile; fileRef = E23E8C252A010130000F71E7 /* TransactionModel.swift */; };
		E23E8C282A010211000F71E7 /* PreviewData.swift in Sources */ = {isa = PBXBuildFile; fileRef = E23E8C272A010211000F71E7 /* PreviewData.swift */; };
		E23E8C2A2A0102D7000F71E7 /* TransactionRow.swift in Sources */ = {isa = PBXBuildFile; fileRef = E23E8C292A0102D7000F71E7 /* TransactionRow.swift */; };
		E23E8C2D2A010776000F71E7 /* SwiftUIFontIcon in Frameworks */ = {isa = PBXBuildFile; productRef = E23E8C2C2A010776000F71E7 /* SwiftUIFontIcon */; };
		E23E8C2F2A010844000F71E7 /* TransactionListViewModel.swift in Sources */ = {isa = PBXBuildFile; fileRef = E23E8C2E2A010844000F71E7 /* TransactionListViewModel.swift */; };
		E23E8C312A010C74000F71E7 /* RecentTransactionList.swift in Sources */ = {isa = PBXBuildFile; fileRef = E23E8C302A010C74000F71E7 /* RecentTransactionList.swift */; };
		E23E8C332A01249B000F71E7 /* TransactionList.swift in Sources */ = {isa = PBXBuildFile; fileRef = E23E8C322A01249B000F71E7 /* TransactionList.swift */; };
		E23E8C362A0127B4000F71E7 /* Collections in Frameworks */ = {isa = PBXBuildFile; productRef = E23E8C352A0127B4000F71E7 /* Collections */; };
		E23E8C392A0129B4000F71E7 /* SwiftUICharts in Frameworks */ = {isa = PBXBuildFile; productRef = E23E8C382A0129B4000F71E7 /* SwiftUICharts */; };
/* End PBXBuildFile section */

/* Begin PBXFileReference section */
		E23E8C092A00F0C4000F71E7 /* ExpenseTracker.app */ = {isa = PBXFileReference; explicitFileType = wrapper.application; includeInIndex = 0; path = ExpenseTracker.app; sourceTree = BUILT_PRODUCTS_DIR; };
		E23E8C0C2A00F0C4000F71E7 /* ExpenseTrackerApp.swift */ = {isa = PBXFileReference; lastKnownFileType = sourcecode.swift; path = ExpenseTrackerApp.swift; sourceTree = "<group>"; };
		E23E8C0E2A00F0C4000F71E7 /* ContentView.swift */ = {isa = PBXFileReference; lastKnownFileType = sourcecode.swift; path = ContentView.swift; sourceTree = "<group>"; };
		E23E8C102A00F0C7000F71E7 /* Assets.xcassets */ = {isa = PBXFileReference; lastKnownFileType = folder.assetcatalog; path = Assets.xcassets; sourceTree = "<group>"; };
		E23E8C132A00F0C7000F71E7 /* Preview Assets.xcassets */ = {isa = PBXFileReference; lastKnownFileType = folder.assetcatalog; path = "Preview Assets.xcassets"; sourceTree = "<group>"; };
		E23E8C1C2A00F1E9000F71E7 /* Extension.swift */ = {isa = PBXFileReference; lastKnownFileType = sourcecode.swift; path = Extension.swift; sourceTree = "<group>"; };
		E23E8C252A010130000F71E7 /* TransactionModel.swift */ = {isa = PBXFileReference; lastKnownFileType = sourcecode.swift; path = TransactionModel.swift; sourceTree = "<group>"; };
		E23E8C272A010211000F71E7 /* PreviewData.swift */ = {isa = PBXFileReference; lastKnownFileType = sourcecode.swift; path = PreviewData.swift; sourceTree = "<group>"; };
		E23E8C292A0102D7000F71E7 /* TransactionRow.swift */ = {isa = PBXFileReference; lastKnownFileType = sourcecode.swift; path = TransactionRow.swift; sourceTree = "<group>"; };
		E23E8C2E2A010844000F71E7 /* TransactionListViewModel.swift */ = {isa = PBXFileReference; lastKnownFileType = sourcecode.swift; path = TransactionListViewModel.swift; sourceTree = "<group>"; };
		E23E8C302A010C74000F71E7 /* RecentTransactionList.swift */ = {isa = PBXFileReference; lastKnownFileType = sourcecode.swift; path = RecentTransactionList.swift; sourceTree = "<group>"; };
		E23E8C322A01249B000F71E7 /* TransactionList.swift */ = {isa = PBXFileReference; lastKnownFileType = sourcecode.swift; path = TransactionList.swift; sourceTree = "<group>"; };
/* End PBXFileReference section */

/* Begin PBXFrameworksBuildPhase section */
		E23E8C062A00F0C4000F71E7 /* Frameworks */ = {
			isa = PBXFrameworksBuildPhase;
			buildActionMask = 2147483647;
			files = (
				E23E8C392A0129B4000F71E7 /* SwiftUICharts in Frameworks */,
				E23E8C362A0127B4000F71E7 /* Collections in Frameworks */,
				E23E8C2D2A010776000F71E7 /* SwiftUIFontIcon in Frameworks */,
			);
			runOnlyForDeploymentPostprocessing = 0;
		};
/* End PBXFrameworksBuildPhase section */

/* Begin PBXGroup section */
		E23E8C002A00F0C4000F71E7 = {
			isa = PBXGroup;
			children = (
				E23E8C0B2A00F0C4000F71E7 /* ExpenseTracker */,
				E23E8C0A2A00F0C4000F71E7 /* Products */,
			);
			sourceTree = "<group>";
		};
		E23E8C0A2A00F0C4000F71E7 /* Products */ = {
			isa = PBXGroup;
			children = (
				E23E8C092A00F0C4000F71E7 /* ExpenseTracker.app */,
			);
			name = Products;
			sourceTree = "<group>";
		};
		E23E8C0B2A00F0C4000F71E7 /* ExpenseTracker */ = {
			isa = PBXGroup;
			children = (
				E23E8C0C2A00F0C4000F71E7 /* ExpenseTrackerApp.swift */,
				E23E8C0E2A00F0C4000F71E7 /* ContentView.swift */,
				E23E8C252A010130000F71E7 /* TransactionModel.swift */,
				E23E8C102A00F0C7000F71E7 /* Assets.xcassets */,
				E23E8C1C2A00F1E9000F71E7 /* Extension.swift */,
				E23E8C292A0102D7000F71E7 /* TransactionRow.swift */,
				E23E8C2E2A010844000F71E7 /* TransactionListViewModel.swift */,
				E23E8C322A01249B000F71E7 /* TransactionList.swift */,
				E23E8C302A010C74000F71E7 /* RecentTransactionList.swift */,
				E23E8C122A00F0C7000F71E7 /* Preview Content */,
			);
			path = ExpenseTracker;
			sourceTree = "<group>";
		};
		E23E8C122A00F0C7000F71E7 /* Preview Content */ = {
			isa = PBXGroup;
			children = (
				E23E8C132A00F0C7000F71E7 /* Preview Assets.xcassets */,
				E23E8C272A010211000F71E7 /* PreviewData.swift */,
			);
			path = "Preview Content";
			sourceTree = "<group>";
		};
/* End PBXGroup section */

/* Begin PBXNativeTarget section */
		E23E8C082A00F0C4000F71E7 /* ExpenseTracker */ = {
			isa = PBXNativeTarget;
			buildConfigurationList = E23E8C172A00F0C7000F71E7 /* Build configuration list for PBXNativeTarget "ExpenseTracker" */;
			buildPhases = (
				E23E8C052A00F0C4000F71E7 /* Sources */,
				E23E8C062A00F0C4000F71E7 /* Frameworks */,
				E23E8C072A00F0C4000F71E7 /* Resources */,
			);
			buildRules = (
			);
			dependencies = (
			);
			name = ExpenseTracker;
			packageProductDependencies = (
				E23E8C2C2A010776000F71E7 /* SwiftUIFontIcon */,
				E23E8C352A0127B4000F71E7 /* Collections */,
				E23E8C382A0129B4000F71E7 /* SwiftUICharts */,
			);
			productName = ExpenseTracker;
			productReference = E23E8C092A00F0C4000F71E7 /* ExpenseTracker.app */;
			productType = "com.apple.product-type.application";
		};
/* End PBXNativeTarget section */

/* Begin PBXProject section */
		E23E8C012A00F0C4000F71E7 /* Project object */ = {
			isa = PBXProject;
			attributes = {
				BuildIndependentTargetsInParallel = 1;
				LastSwiftUpdateCheck = 1410;
				LastUpgradeCheck = 1410;
				TargetAttributes = {
					E23E8C082A00F0C4000F71E7 = {
						CreatedOnToolsVersion = 14.1;
					};
				};
			};
			buildConfigurationList = E23E8C042A00F0C4000F71E7 /* Build configuration list for PBXProject "ExpenseTracker" */;
			compatibilityVersion = "Xcode 14.0";
			developmentRegion = en;
			hasScannedForEncodings = 0;
			knownRegions = (
				en,
				Base,
			);
			mainGroup = E23E8C002A00F0C4000F71E7;
			packageReferences = (
				E23E8C2B2A010776000F71E7 /* XCRemoteSwiftPackageReference "SwiftUIFontIcon" */,
				E23E8C342A0127B4000F71E7 /* XCRemoteSwiftPackageReference "swift-collections" */,
				E23E8C372A0129B4000F71E7 /* XCRemoteSwiftPackageReference "ChartView" */,
			);
			productRefGroup = E23E8C0A2A00F0C4000F71E7 /* Products */;
			projectDirPath = "";
			projectRoot = "";
			targets = (
				E23E8C082A00F0C4000F71E7 /* ExpenseTracker */,
			);
		};
/* End PBXProject section */

/* Begin PBXResourcesBuildPhase section */
		E23E8C072A00F0C4000F71E7 /* Resources */ = {
			isa = PBXResourcesBuildPhase;
			buildActionMask = 2147483647;
			files = (
				E23E8C142A00F0C7000F71E7 /* Preview Assets.xcassets in Resources */,
				E23E8C112A00F0C7000F71E7 /* Assets.xcassets in Resources */,
			);
			runOnlyForDeploymentPostprocessing = 0;
		};
/* End PBXResourcesBuildPhase section */

/* Begin PBXSourcesBuildPhase section */
		E23E8C052A00F0C4000F71E7 /* Sources */ = {
			isa = PBXSourcesBuildPhase;
			buildActionMask = 2147483647;
			files = (
				E23E8C282A010211000F71E7 /* PreviewData.swift in Sources */,
				E23E8C332A01249B000F71E7 /* TransactionList.swift in Sources */,
				E23E8C312A010C74000F71E7 /* RecentTransactionList.swift in Sources */,
				E23E8C262A010130000F71E7 /* TransactionModel.swift in Sources */,
				E23E8C1D2A00F1E9000F71E7 /* Extension.swift in Sources */,
				E23E8C2A2A0102D7000F71E7 /* TransactionRow.swift in Sources */,
				E23E8C0F2A00F0C4000F71E7 /* ContentView.swift in Sources */,
				E23E8C2F2A010844000F71E7 /* TransactionListViewModel.swift in Sources */,
				E23E8C0D2A00F0C4000F71E7 /* ExpenseTrackerApp.swift in Sources */,
			);
			runOnlyForDeploymentPostprocessing = 0;
		};
/* End PBXSourcesBuildPhase section */

/* Begin XCBuildConfiguration section */
		E23E8C152A00F0C7000F71E7 /* Debug */ = {
			isa = XCBuildConfiguration;
			buildSettings = {
				ALWAYS_SEARCH_USER_PATHS = NO;
				CLANG_ANALYZER_NONNULL = YES;
				CLANG_ANALYZER_NUMBER_OBJECT_CONVERSION = YES_AGGRESSIVE;
				CLANG_CXX_LANGUAGE_STANDARD = "gnu++20";
				CLANG_ENABLE_MODULES = YES;
				CLANG_ENABLE_OBJC_ARC = YES;
				CLANG_ENABLE_OBJC_WEAK = YES;
				CLANG_WARN_BLOCK_CAPTURE_AUTORELEASING = YES;
				CLANG_WARN_BOOL_CONVERSION = YES;
				CLANG_WARN_COMMA = YES;
				CLANG_WARN_CONSTANT_CONVERSION = YES;
				CLANG_WARN_DEPRECATED_OBJC_IMPLEMENTATIONS = YES;
				CLANG_WARN_DIRECT_OBJC_ISA_USAGE = YES_ERROR;
				CLANG_WARN_DOCUMENTATION_COMMENTS = YES;
				CLANG_WARN_EMPTY_BODY = YES;
				CLANG_WARN_ENUM_CONVERSION = YES;
				CLANG_WARN_INFINITE_RECURSION = YES;
				CLANG_WARN_INT_CONVERSION = YES;
				CLANG_WARN_NON_LITERAL_NULL_CONVERSION = YES;
				CLANG_WARN_OBJC_IMPLICIT_RETAIN_SELF = YES;
				CLANG_WARN_OBJC_LITERAL_CONVERSION = YES;
				CLANG_WARN_OBJC_ROOT_CLASS = YES_ERROR;
				CLANG_WARN_QUOTED_INCLUDE_IN_FRAMEWORK_HEADER = YES;
				CLANG_WARN_RANGE_LOOP_ANALYSIS = YES;
				CLANG_WARN_STRICT_PROTOTYPES = YES;
				CLANG_WARN_SUSPICIOUS_MOVE = YES;
				CLANG_WARN_UNGUARDED_AVAILABILITY = YES_AGGRESSIVE;
				CLANG_WARN_UNREACHABLE_CODE = YES;
				CLANG_WARN__DUPLICATE_METHOD_MATCH = YES;
				COPY_PHASE_STRIP = NO;
				DEBUG_INFORMATION_FORMAT = dwarf;
				ENABLE_STRICT_OBJC_MSGSEND = YES;
				ENABLE_TESTABILITY = YES;
				GCC_C_LANGUAGE_STANDARD = gnu11;
				GCC_DYNAMIC_NO_PIC = NO;
				GCC_NO_COMMON_BLOCKS = YES;
				GCC_OPTIMIZATION_LEVEL = 0;
				GCC_PREPROCESSOR_DEFINITIONS = (
					"DEBUG=1",
					"$(inherited)",
				);
				GCC_WARN_64_TO_32_BIT_CONVERSION = YES;
				GCC_WARN_ABOUT_RETURN_TYPE = YES_ERROR;
				GCC_WARN_UNDECLARED_SELECTOR = YES;
				GCC_WARN_UNINITIALIZED_AUTOS = YES_AGGRESSIVE;
				GCC_WARN_UNUSED_FUNCTION = YES;
				GCC_WARN_UNUSED_VARIABLE = YES;
				IPHONEOS_DEPLOYMENT_TARGET = 16.1;
				MTL_ENABLE_DEBUG_INFO = INCLUDE_SOURCE;
				MTL_FAST_MATH = YES;
				ONLY_ACTIVE_ARCH = YES;
				SDKROOT = iphoneos;
				SWIFT_ACTIVE_COMPILATION_CONDITIONS = DEBUG;
				SWIFT_OPTIMIZATION_LEVEL = "-Onone";
			};
			name = Debug;
		};
		E23E8C162A00F0C7000F71E7 /* Release */ = {
			isa = XCBuildConfiguration;
			buildSettings = {
				ALWAYS_SEARCH_USER_PATHS = NO;
				CLANG_ANALYZER_NONNULL = YES;
				CLANG_ANALYZER_NUMBER_OBJECT_CONVERSION = YES_AGGRESSIVE;
				CLANG_CXX_LANGUAGE_STANDARD = "gnu++20";
				CLANG_ENABLE_MODULES = YES;
				CLANG_ENABLE_OBJC_ARC = YES;
				CLANG_ENABLE_OBJC_WEAK = YES;
				CLANG_WARN_BLOCK_CAPTURE_AUTORELEASING = YES;
				CLANG_WARN_BOOL_CONVERSION = YES;
				CLANG_WARN_COMMA = YES;
				CLANG_WARN_CONSTANT_CONVERSION = YES;
				CLANG_WARN_DEPRECATED_OBJC_IMPLEMENTATIONS = YES;
				CLANG_WARN_DIRECT_OBJC_ISA_USAGE = YES_ERROR;
				CLANG_WARN_DOCUMENTATION_COMMENTS = YES;
				CLANG_WARN_EMPTY_BODY = YES;
				CLANG_WARN_ENUM_CONVERSION = YES;
				CLANG_WARN_INFINITE_RECURSION = YES;
				CLANG_WARN_INT_CONVERSION = YES;
				CLANG_WARN_NON_LITERAL_NULL_CONVERSION = YES;
				CLANG_WARN_OBJC_IMPLICIT_RETAIN_SELF = YES;
				CLANG_WARN_OBJC_LITERAL_CONVERSION = YES;
				CLANG_WARN_OBJC_ROOT_CLASS = YES_ERROR;
				CLANG_WARN_QUOTED_INCLUDE_IN_FRAMEWORK_HEADER = YES;
				CLANG_WARN_RANGE_LOOP_ANALYSIS = YES;
				CLANG_WARN_STRICT_PROTOTYPES = YES;
				CLANG_WARN_SUSPICIOUS_MOVE = YES;
				CLANG_WARN_UNGUARDED_AVAILABILITY = YES_AGGRESSIVE;
				CLANG_WARN_UNREACHABLE_CODE = YES;
				CLANG_WARN__DUPLICATE_METHOD_MATCH = YES;
				COPY_PHASE_STRIP = NO;
				DEBUG_INFORMATION_FORMAT = "dwarf-with-dsym";
				ENABLE_NS_ASSERTIONS = NO;
				ENABLE_STRICT_OBJC_MSGSEND = YES;
				GCC_C_LANGUAGE_STANDARD = gnu11;
				GCC_NO_COMMON_BLOCKS = YES;
				GCC_WARN_64_TO_32_BIT_CONVERSION = YES;
				GCC_WARN_ABOUT_RETURN_TYPE = YES_ERROR;
				GCC_WARN_UNDECLARED_SELECTOR = YES;
				GCC_WARN_UNINITIALIZED_AUTOS = YES_AGGRESSIVE;
				GCC_WARN_UNUSED_FUNCTION = YES;
				GCC_WARN_UNUSED_VARIABLE = YES;
				IPHONEOS_DEPLOYMENT_TARGET = 16.1;
				MTL_ENABLE_DEBUG_INFO = NO;
				MTL_FAST_MATH = YES;
				SDKROOT = iphoneos;
				SWIFT_COMPILATION_MODE = wholemodule;
				SWIFT_OPTIMIZATION_LEVEL = "-O";
				VALIDATE_PRODUCT = YES;
			};
			name = Release;
		};
		E23E8C182A00F0C7000F71E7 /* Debug */ = {
			isa = XCBuildConfiguration;
			buildSettings = {
				ASSETCATALOG_COMPILER_APPICON_NAME = AppIcon;
				ASSETCATALOG_COMPILER_GLOBAL_ACCENT_COLOR_NAME = AccentColor;
				CODE_SIGN_STYLE = Automatic;
				CURRENT_PROJECT_VERSION = 1;
				DEVELOPMENT_ASSET_PATHS = "\"ExpenseTracker/Preview Content\"";
				DEVELOPMENT_TEAM = 454MACJ7QQ;
				ENABLE_PREVIEWS = YES;
				GENERATE_INFOPLIST_FILE = YES;
				INFOPLIST_KEY_UIApplicationSceneManifest_Generation = YES;
				INFOPLIST_KEY_UIApplicationSupportsIndirectInputEvents = YES;
				INFOPLIST_KEY_UILaunchScreen_Generation = YES;
				INFOPLIST_KEY_UISupportedInterfaceOrientations_iPad = "UIInterfaceOrientationPortrait UIInterfaceOrientationPortraitUpsideDown UIInterfaceOrientationLandscapeLeft UIInterfaceOrientationLandscapeRight";
				INFOPLIST_KEY_UISupportedInterfaceOrientations_iPhone = "UIInterfaceOrientationPortrait UIInterfaceOrientationLandscapeLeft UIInterfaceOrientationLandscapeRight";
				LD_RUNPATH_SEARCH_PATHS = (
					"$(inherited)",
					"@executable_path/Frameworks",
				);
				MARKETING_VERSION = 1.0;
				PRODUCT_BUNDLE_IDENTIFIER = com.ExpenseTracker;
				PRODUCT_NAME = "$(TARGET_NAME)";
				SWIFT_EMIT_LOC_STRINGS = YES;
				SWIFT_VERSION = 5.0;
				TARGETED_DEVICE_FAMILY = "1,2";
			};
			name = Debug;
		};
		E23E8C192A00F0C7000F71E7 /* Release */ = {
			isa = XCBuildConfiguration;
			buildSettings = {
				ASSETCATALOG_COMPILER_APPICON_NAME = AppIcon;
				ASSETCATALOG_COMPILER_GLOBAL_ACCENT_COLOR_NAME = AccentColor;
				CODE_SIGN_STYLE = Automatic;
				CURRENT_PROJECT_VERSION = 1;
				DEVELOPMENT_ASSET_PATHS = "\"ExpenseTracker/Preview Content\"";
				DEVELOPMENT_TEAM = 454MACJ7QQ;
				ENABLE_PREVIEWS = YES;
				GENERATE_INFOPLIST_FILE = YES;
				INFOPLIST_KEY_UIApplicationSceneManifest_Generation = YES;
				INFOPLIST_KEY_UIApplicationSupportsIndirectInputEvents = YES;
				INFOPLIST_KEY_UILaunchScreen_Generation = YES;
				INFOPLIST_KEY_UISupportedInterfaceOrientations_iPad = "UIInterfaceOrientationPortrait UIInterfaceOrientationPortraitUpsideDown UIInterfaceOrientationLandscapeLeft UIInterfaceOrientationLandscapeRight";
				INFOPLIST_KEY_UISupportedInterfaceOrientations_iPhone = "UIInterfaceOrientationPortrait UIInterfaceOrientationLandscapeLeft UIInterfaceOrientationLandscapeRight";
				LD_RUNPATH_SEARCH_PATHS = (
					"$(inherited)",
					"@executable_path/Frameworks",
				);
				MARKETING_VERSION = 1.0;
				PRODUCT_BUNDLE_IDENTIFIER = com.ExpenseTracker;
				PRODUCT_NAME = "$(TARGET_NAME)";
				SWIFT_EMIT_LOC_STRINGS = YES;
				SWIFT_VERSION = 5.0;
				TARGETED_DEVICE_FAMILY = "1,2";
			};
			name = Release;
		};
/* End XCBuildConfiguration section */

/* Begin XCConfigurationList section */
		E23E8C042A00F0C4000F71E7 /* Build configuration list for PBXProject "ExpenseTracker" */ = {
			isa = XCConfigurationList;
			buildConfigurations = (
				E23E8C152A00F0C7000F71E7 /* Debug */,
				E23E8C162A00F0C7000F71E7 /* Release */,
			);
			defaultConfigurationIsVisible = 0;
			defaultConfigurationName = Release;
		};
		E23E8C172A00F0C7000F71E7 /* Build configuration list for PBXNativeTarget "ExpenseTracker" */ = {
			isa = XCConfigurationList;
			buildConfigurations = (
				E23E8C182A00F0C7000F71E7 /* Debug */,
				E23E8C192A00F0C7000F71E7 /* Release */,
			);
			defaultConfigurationIsVisible = 0;
			defaultConfigurationName = Release;
		};
/* End XCConfigurationList section */

/* Begin XCRemoteSwiftPackageReference section */
		E23E8C2B2A010776000F71E7 /* XCRemoteSwiftPackageReference "SwiftUIFontIcon" */ = {
			isa = XCRemoteSwiftPackageReference;
			repositoryURL = "https://github.com/huybuidac/SwiftUIFontIcon";
			requirement = {
				branch = master;
				kind = branch;
			};
		};
		E23E8C342A0127B4000F71E7 /* XCRemoteSwiftPackageReference "swift-collections" */ = {
			isa = XCRemoteSwiftPackageReference;
			repositoryURL = "https://github.com/apple/swift-collections.git";
			requirement = {
				kind = upToNextMajorVersion;
				minimumVersion = 1.0.2;
			};
		};
		E23E8C372A0129B4000F71E7 /* XCRemoteSwiftPackageReference "ChartView" */ = {
			isa = XCRemoteSwiftPackageReference;
			repositoryURL = "https://github.com/AppPear/ChartView";
			requirement = {
				kind = exactVersion;
				version = "2.0.0-beta.2";
			};
		};
/* End XCRemoteSwiftPackageReference section */

/* Begin XCSwiftPackageProductDependency section */
		E23E8C2C2A010776000F71E7 /* SwiftUIFontIcon */ = {
			isa = XCSwiftPackageProductDependency;
			package = E23E8C2B2A010776000F71E7 /* XCRemoteSwiftPackageReference "SwiftUIFontIcon" */;
			productName = SwiftUIFontIcon;
		};
		E23E8C352A0127B4000F71E7 /* Collections */ = {
			isa = XCSwiftPackageProductDependency;
			package = E23E8C342A0127B4000F71E7 /* XCRemoteSwiftPackageReference "swift-collections" */;
			productName = Collections;
		};
		E23E8C382A0129B4000F71E7 /* SwiftUICharts */ = {
			isa = XCSwiftPackageProductDependency;
			package = E23E8C372A0129B4000F71E7 /* XCRemoteSwiftPackageReference "ChartView" */;
			productName = SwiftUICharts;
		};
/* End XCSwiftPackageProductDependency section */
	};
	rootObject = E23E8C012A00F0C4000F71E7 /* Project object */;
}
